// !$*UTF8*$!
{
	archiveVersion = 1;
	classes = {
	};
	objectVersion = 50;
	objects = {

/* Begin PBXBuildFile section */
		DC2F648E257B4C87002C8211 /* data.swift in Sources */ = {isa = PBXBuildFile; fileRef = DC2F648D257B4C87002C8211 /* data.swift */; };
		DC4D203A257D47060015A802 /* main.swift in Sources */ = {isa = PBXBuildFile; fileRef = DC4D2039257D47060015A802 /* main.swift */; };
		DC4D203F257D47150015A802 /* data.swift in Sources */ = {isa = PBXBuildFile; fileRef = DC4D203E257D47150015A802 /* data.swift */; };
		DC59D4152578A6ED0066BB15 /* main.swift in Sources */ = {isa = PBXBuildFile; fileRef = DC59D4142578A6ED0066BB15 /* main.swift */; };
		DC59D41A2578A6FE0066BB15 /* data.swift in Sources */ = {isa = PBXBuildFile; fileRef = DC59D4192578A6FE0066BB15 /* data.swift */; };
		DC963A172579F7630047E2A3 /* main.swift in Sources */ = {isa = PBXBuildFile; fileRef = DC963A162579F7630047E2A3 /* main.swift */; };
		DC963A1C2579F7750047E2A3 /* Data.swift in Sources */ = {isa = PBXBuildFile; fileRef = DC963A1B2579F7750047E2A3 /* Data.swift */; };
		DCD5219225770E6A0015910A /* main.swift in Sources */ = {isa = PBXBuildFile; fileRef = DCD5219125770E6A0015910A /* main.swift */; };
		DCD5219F25770E7F0015910A /* main.swift in Sources */ = {isa = PBXBuildFile; fileRef = DCD5219E25770E7F0015910A /* main.swift */; };
		DCD521A425770F090015910A /* Data.swift in Sources */ = {isa = PBXBuildFile; fileRef = DCD521A325770F090015910A /* Data.swift */; };
		DCD521AC257755BF0015910A /* main.swift in Sources */ = {isa = PBXBuildFile; fileRef = DCD521AB257755BF0015910A /* main.swift */; };
		DCD521B1257755D60015910A /* data.swift in Sources */ = {isa = PBXBuildFile; fileRef = DCD521B0257755D60015910A /* data.swift */; };
		DCF95035257AC55600A77DA6 /* main.swift in Sources */ = {isa = PBXBuildFile; fileRef = DCF95034257AC55600A77DA6 /* main.swift */; };
/* End PBXBuildFile section */

/* Begin PBXCopyFilesBuildPhase section */
		DC4D2035257D47060015A802 /* CopyFiles */ = {
			isa = PBXCopyFilesBuildPhase;
			buildActionMask = 2147483647;
			dstPath = /usr/share/man/man1/;
			dstSubfolderSpec = 0;
			files = (
			);
			runOnlyForDeploymentPostprocessing = 1;
		};
		DC59D4102578A6ED0066BB15 /* CopyFiles */ = {
			isa = PBXCopyFilesBuildPhase;
			buildActionMask = 2147483647;
			dstPath = /usr/share/man/man1/;
			dstSubfolderSpec = 0;
			files = (
			);
			runOnlyForDeploymentPostprocessing = 1;
		};
		DC963A122579F7630047E2A3 /* CopyFiles */ = {
			isa = PBXCopyFilesBuildPhase;
			buildActionMask = 2147483647;
			dstPath = /usr/share/man/man1/;
			dstSubfolderSpec = 0;
			files = (
			);
			runOnlyForDeploymentPostprocessing = 1;
		};
		DCD5218C25770E6A0015910A /* CopyFiles */ = {
			isa = PBXCopyFilesBuildPhase;
			buildActionMask = 2147483647;
			dstPath = /usr/share/man/man1/;
			dstSubfolderSpec = 0;
			files = (
			);
			runOnlyForDeploymentPostprocessing = 1;
		};
		DCD5219A25770E7F0015910A /* CopyFiles */ = {
			isa = PBXCopyFilesBuildPhase;
			buildActionMask = 2147483647;
			dstPath = /usr/share/man/man1/;
			dstSubfolderSpec = 0;
			files = (
			);
			runOnlyForDeploymentPostprocessing = 1;
		};
		DCD521A7257755BF0015910A /* CopyFiles */ = {
			isa = PBXCopyFilesBuildPhase;
			buildActionMask = 2147483647;
			dstPath = /usr/share/man/man1/;
			dstSubfolderSpec = 0;
			files = (
			);
			runOnlyForDeploymentPostprocessing = 1;
		};
		DCF95030257AC55400A77DA6 /* CopyFiles */ = {
			isa = PBXCopyFilesBuildPhase;
			buildActionMask = 2147483647;
			dstPath = /usr/share/man/man1/;
			dstSubfolderSpec = 0;
			files = (
			);
			runOnlyForDeploymentPostprocessing = 1;
		};
/* End PBXCopyFilesBuildPhase section */

/* Begin PBXFileReference section */
		DC2F648D257B4C87002C8211 /* data.swift */ = {isa = PBXFileReference; lastKnownFileType = sourcecode.swift; path = data.swift; sourceTree = "<group>"; };
		DC4D2037257D47060015A802 /* 06 */ = {isa = PBXFileReference; explicitFileType = "compiled.mach-o.executable"; includeInIndex = 0; path = 06; sourceTree = BUILT_PRODUCTS_DIR; };
		DC4D2039257D47060015A802 /* main.swift */ = {isa = PBXFileReference; lastKnownFileType = sourcecode.swift; path = main.swift; sourceTree = "<group>"; };
		DC4D203E257D47150015A802 /* data.swift */ = {isa = PBXFileReference; lastKnownFileType = sourcecode.swift; path = data.swift; sourceTree = "<group>"; };
		DC59D4122578A6ED0066BB15 /* 03 */ = {isa = PBXFileReference; explicitFileType = "compiled.mach-o.executable"; includeInIndex = 0; path = 03; sourceTree = BUILT_PRODUCTS_DIR; };
		DC59D4142578A6ED0066BB15 /* main.swift */ = {isa = PBXFileReference; lastKnownFileType = sourcecode.swift; path = main.swift; sourceTree = "<group>"; };
		DC59D4192578A6FE0066BB15 /* data.swift */ = {isa = PBXFileReference; lastKnownFileType = sourcecode.swift; path = data.swift; sourceTree = "<group>"; };
		DC963A142579F7630047E2A3 /* 04 */ = {isa = PBXFileReference; explicitFileType = "compiled.mach-o.executable"; includeInIndex = 0; path = 04; sourceTree = BUILT_PRODUCTS_DIR; };
		DC963A162579F7630047E2A3 /* main.swift */ = {isa = PBXFileReference; lastKnownFileType = sourcecode.swift; path = main.swift; sourceTree = "<group>"; };
		DC963A1B2579F7750047E2A3 /* Data.swift */ = {isa = PBXFileReference; lastKnownFileType = sourcecode.swift; path = Data.swift; sourceTree = "<group>"; };
		DCD5218E25770E6A0015910A /* Advent2020 */ = {isa = PBXFileReference; explicitFileType = "compiled.mach-o.executable"; includeInIndex = 0; path = Advent2020; sourceTree = BUILT_PRODUCTS_DIR; };
		DCD5219125770E6A0015910A /* main.swift */ = {isa = PBXFileReference; lastKnownFileType = sourcecode.swift; path = main.swift; sourceTree = "<group>"; };
		DCD5219C25770E7F0015910A /* 01 */ = {isa = PBXFileReference; explicitFileType = "compiled.mach-o.executable"; includeInIndex = 0; path = 01; sourceTree = BUILT_PRODUCTS_DIR; };
		DCD5219E25770E7F0015910A /* main.swift */ = {isa = PBXFileReference; lastKnownFileType = sourcecode.swift; path = main.swift; sourceTree = "<group>"; };
		DCD521A325770F090015910A /* Data.swift */ = {isa = PBXFileReference; lastKnownFileType = sourcecode.swift; path = Data.swift; sourceTree = "<group>"; };
		DCD521A9257755BF0015910A /* 02 */ = {isa = PBXFileReference; explicitFileType = "compiled.mach-o.executable"; includeInIndex = 0; path = 02; sourceTree = BUILT_PRODUCTS_DIR; };
		DCD521AB257755BF0015910A /* main.swift */ = {isa = PBXFileReference; lastKnownFileType = sourcecode.swift; path = main.swift; sourceTree = "<group>"; };
		DCD521B0257755D60015910A /* data.swift */ = {isa = PBXFileReference; lastKnownFileType = sourcecode.swift; path = data.swift; sourceTree = "<group>"; };
		DCF95032257AC55400A77DA6 /* 05 */ = {isa = PBXFileReference; explicitFileType = "compiled.mach-o.executable"; includeInIndex = 0; path = 05; sourceTree = BUILT_PRODUCTS_DIR; };
		DCF95034257AC55600A77DA6 /* main.swift */ = {isa = PBXFileReference; lastKnownFileType = sourcecode.swift; path = main.swift; sourceTree = "<group>"; };
/* End PBXFileReference section */

/* Begin PBXFrameworksBuildPhase section */
		DC4D2034257D47060015A802 /* Frameworks */ = {
			isa = PBXFrameworksBuildPhase;
			buildActionMask = 2147483647;
			files = (
			);
			runOnlyForDeploymentPostprocessing = 0;
		};
		DC59D40F2578A6ED0066BB15 /* Frameworks */ = {
			isa = PBXFrameworksBuildPhase;
			buildActionMask = 2147483647;
			files = (
			);
			runOnlyForDeploymentPostprocessing = 0;
		};
		DC963A112579F7630047E2A3 /* Frameworks */ = {
			isa = PBXFrameworksBuildPhase;
			buildActionMask = 2147483647;
			files = (
			);
			runOnlyForDeploymentPostprocessing = 0;
		};
		DCD5218B25770E6A0015910A /* Frameworks */ = {
			isa = PBXFrameworksBuildPhase;
			buildActionMask = 2147483647;
			files = (
			);
			runOnlyForDeploymentPostprocessing = 0;
		};
		DCD5219925770E7F0015910A /* Frameworks */ = {
			isa = PBXFrameworksBuildPhase;
			buildActionMask = 2147483647;
			files = (
			);
			runOnlyForDeploymentPostprocessing = 0;
		};
		DCD521A6257755BF0015910A /* Frameworks */ = {
			isa = PBXFrameworksBuildPhase;
			buildActionMask = 2147483647;
			files = (
			);
			runOnlyForDeploymentPostprocessing = 0;
		};
		DCF9502F257AC55400A77DA6 /* Frameworks */ = {
			isa = PBXFrameworksBuildPhase;
			buildActionMask = 2147483647;
			files = (
			);
			runOnlyForDeploymentPostprocessing = 0;
		};
/* End PBXFrameworksBuildPhase section */

/* Begin PBXGroup section */
		DC4D2038257D47060015A802 /* 06 */ = {
			isa = PBXGroup;
			children = (
				DC4D2039257D47060015A802 /* main.swift */,
				DC4D203E257D47150015A802 /* data.swift */,
			);
			path = 06;
			sourceTree = "<group>";
		};
		DC59D4132578A6ED0066BB15 /* 03 */ = {
			isa = PBXGroup;
			children = (
				DC59D4142578A6ED0066BB15 /* main.swift */,
				DC59D4192578A6FE0066BB15 /* data.swift */,
			);
			path = 03;
			sourceTree = "<group>";
		};
		DC963A152579F7630047E2A3 /* 04 */ = {
			isa = PBXGroup;
			children = (
				DC963A162579F7630047E2A3 /* main.swift */,
				DC963A1B2579F7750047E2A3 /* Data.swift */,
			);
			path = 04;
			sourceTree = "<group>";
		};
		DCD5218525770E6A0015910A = {
			isa = PBXGroup;
			children = (
				DCD5219025770E6A0015910A /* Advent2020 */,
				DCD5219D25770E7F0015910A /* 01 */,
				DCD521AA257755BF0015910A /* 02 */,
				DC59D4132578A6ED0066BB15 /* 03 */,
				DC963A152579F7630047E2A3 /* 04 */,
				DCF95033257AC55600A77DA6 /* 05 */,
				DC4D2038257D47060015A802 /* 06 */,
				DCD5218F25770E6A0015910A /* Products */,
			);
			sourceTree = "<group>";
		};
		DCD5218F25770E6A0015910A /* Products */ = {
			isa = PBXGroup;
			children = (
				DCD5218E25770E6A0015910A /* Advent2020 */,
				DCD5219C25770E7F0015910A /* 01 */,
				DCD521A9257755BF0015910A /* 02 */,
				DC59D4122578A6ED0066BB15 /* 03 */,
				DC963A142579F7630047E2A3 /* 04 */,
				DCF95032257AC55400A77DA6 /* 05 */,
				DC4D2037257D47060015A802 /* 06 */,
			);
			name = Products;
			sourceTree = "<group>";
		};
		DCD5219025770E6A0015910A /* Advent2020 */ = {
			isa = PBXGroup;
			children = (
				DCD5219125770E6A0015910A /* main.swift */,
			);
			path = Advent2020;
			sourceTree = "<group>";
		};
		DCD5219D25770E7F0015910A /* 01 */ = {
			isa = PBXGroup;
			children = (
				DCD5219E25770E7F0015910A /* main.swift */,
				DCD521A325770F090015910A /* Data.swift */,
			);
			path = 01;
			sourceTree = "<group>";
		};
		DCD521AA257755BF0015910A /* 02 */ = {
			isa = PBXGroup;
			children = (
				DCD521AB257755BF0015910A /* main.swift */,
				DCD521B0257755D60015910A /* data.swift */,
			);
			path = 02;
			sourceTree = "<group>";
		};
		DCF95033257AC55600A77DA6 /* 05 */ = {
			isa = PBXGroup;
			children = (
				DCF95034257AC55600A77DA6 /* main.swift */,
				DC2F648D257B4C87002C8211 /* data.swift */,
			);
			path = 05;
			sourceTree = "<group>";
		};
/* End PBXGroup section */

/* Begin PBXNativeTarget section */
		DC4D2036257D47060015A802 /* 06 */ = {
			isa = PBXNativeTarget;
			buildConfigurationList = DC4D203D257D47060015A802 /* Build configuration list for PBXNativeTarget "06" */;
			buildPhases = (
				DC4D2033257D47060015A802 /* Sources */,
				DC4D2034257D47060015A802 /* Frameworks */,
				DC4D2035257D47060015A802 /* CopyFiles */,
			);
			buildRules = (
			);
			dependencies = (
			);
			name = 06;
			productName = 06;
			productReference = DC4D2037257D47060015A802 /* 06 */;
			productType = "com.apple.product-type.tool";
		};
		DC59D4112578A6ED0066BB15 /* 03 */ = {
			isa = PBXNativeTarget;
			buildConfigurationList = DC59D4182578A6ED0066BB15 /* Build configuration list for PBXNativeTarget "03" */;
			buildPhases = (
				DC59D40E2578A6ED0066BB15 /* Sources */,
				DC59D40F2578A6ED0066BB15 /* Frameworks */,
				DC59D4102578A6ED0066BB15 /* CopyFiles */,
			);
			buildRules = (
			);
			dependencies = (
			);
			name = 03;
			productName = 03;
			productReference = DC59D4122578A6ED0066BB15 /* 03 */;
			productType = "com.apple.product-type.tool";
		};
		DC963A132579F7630047E2A3 /* 04 */ = {
			isa = PBXNativeTarget;
			buildConfigurationList = DC963A1A2579F7630047E2A3 /* Build configuration list for PBXNativeTarget "04" */;
			buildPhases = (
				DC963A102579F7630047E2A3 /* Sources */,
				DC963A112579F7630047E2A3 /* Frameworks */,
				DC963A122579F7630047E2A3 /* CopyFiles */,
			);
			buildRules = (
			);
			dependencies = (
			);
			name = 04;
			productName = 04;
			productReference = DC963A142579F7630047E2A3 /* 04 */;
			productType = "com.apple.product-type.tool";
		};
		DCD5218D25770E6A0015910A /* Advent2020 */ = {
			isa = PBXNativeTarget;
			buildConfigurationList = DCD5219525770E6A0015910A /* Build configuration list for PBXNativeTarget "Advent2020" */;
			buildPhases = (
				DCD5218A25770E6A0015910A /* Sources */,
				DCD5218B25770E6A0015910A /* Frameworks */,
				DCD5218C25770E6A0015910A /* CopyFiles */,
			);
			buildRules = (
			);
			dependencies = (
			);
			name = Advent2020;
			productName = Advent2020;
			productReference = DCD5218E25770E6A0015910A /* Advent2020 */;
			productType = "com.apple.product-type.tool";
		};
		DCD5219B25770E7F0015910A /* 01 */ = {
			isa = PBXNativeTarget;
			buildConfigurationList = DCD521A025770E7F0015910A /* Build configuration list for PBXNativeTarget "01" */;
			buildPhases = (
				DCD5219825770E7F0015910A /* Sources */,
				DCD5219925770E7F0015910A /* Frameworks */,
				DCD5219A25770E7F0015910A /* CopyFiles */,
			);
			buildRules = (
			);
			dependencies = (
			);
			name = 01;
			productName = 01;
			productReference = DCD5219C25770E7F0015910A /* 01 */;
			productType = "com.apple.product-type.tool";
		};
		DCD521A8257755BF0015910A /* 02 */ = {
			isa = PBXNativeTarget;
			buildConfigurationList = DCD521AD257755BF0015910A /* Build configuration list for PBXNativeTarget "02" */;
			buildPhases = (
				DCD521A5257755BF0015910A /* Sources */,
				DCD521A6257755BF0015910A /* Frameworks */,
				DCD521A7257755BF0015910A /* CopyFiles */,
			);
			buildRules = (
			);
			dependencies = (
			);
			name = 02;
			productName = 02;
			productReference = DCD521A9257755BF0015910A /* 02 */;
			productType = "com.apple.product-type.tool";
		};
		DCF95031257AC55400A77DA6 /* 05 */ = {
			isa = PBXNativeTarget;
			buildConfigurationList = DCF95038257AC55600A77DA6 /* Build configuration list for PBXNativeTarget "05" */;
			buildPhases = (
				DCF9502E257AC55400A77DA6 /* Sources */,
				DCF9502F257AC55400A77DA6 /* Frameworks */,
				DCF95030257AC55400A77DA6 /* CopyFiles */,
			);
			buildRules = (
			);
			dependencies = (
			);
			name = 05;
			productName = 05;
			productReference = DCF95032257AC55400A77DA6 /* 05 */;
			productType = "com.apple.product-type.tool";
		};
/* End PBXNativeTarget section */

/* Begin PBXProject section */
		DCD5218625770E6A0015910A /* Project object */ = {
			isa = PBXProject;
			attributes = {
				LastSwiftUpdateCheck = 1130;
				LastUpgradeCheck = 1130;
				ORGANIZATIONNAME = Livelys;
				TargetAttributes = {
					DC4D2036257D47060015A802 = {
						CreatedOnToolsVersion = 11.3.1;
					};
					DC59D4112578A6ED0066BB15 = {
						CreatedOnToolsVersion = 11.3.1;
					};
					DC963A132579F7630047E2A3 = {
						CreatedOnToolsVersion = 11.3.1;
					};
					DCD5218D25770E6A0015910A = {
						CreatedOnToolsVersion = 11.3.1;
					};
					DCD5219B25770E7F0015910A = {
						CreatedOnToolsVersion = 11.3.1;
					};
					DCD521A8257755BF0015910A = {
						CreatedOnToolsVersion = 11.3.1;
					};
					DCF95031257AC55400A77DA6 = {
						CreatedOnToolsVersion = 11.3.1;
					};
				};
			};
			buildConfigurationList = DCD5218925770E6A0015910A /* Build configuration list for PBXProject "Advent2020" */;
			compatibilityVersion = "Xcode 9.3";
			developmentRegion = en;
			hasScannedForEncodings = 0;
			knownRegions = (
				en,
				Base,
			);
			mainGroup = DCD5218525770E6A0015910A;
			productRefGroup = DCD5218F25770E6A0015910A /* Products */;
			projectDirPath = "";
			projectRoot = "";
			targets = (
				DCD5218D25770E6A0015910A /* Advent2020 */,
				DCD5219B25770E7F0015910A /* 01 */,
				DCD521A8257755BF0015910A /* 02 */,
				DC59D4112578A6ED0066BB15 /* 03 */,
				DC963A132579F7630047E2A3 /* 04 */,
				DCF95031257AC55400A77DA6 /* 05 */,
				DC4D2036257D47060015A802 /* 06 */,
			);
		};
/* End PBXProject section */

/* Begin PBXSourcesBuildPhase section */
		DC4D2033257D47060015A802 /* Sources */ = {
			isa = PBXSourcesBuildPhase;
			buildActionMask = 2147483647;
			files = (
				DC4D203A257D47060015A802 /* main.swift in Sources */,
				DC4D203F257D47150015A802 /* data.swift in Sources */,
			);
			runOnlyForDeploymentPostprocessing = 0;
		};
		DC59D40E2578A6ED0066BB15 /* Sources */ = {
			isa = PBXSourcesBuildPhase;
			buildActionMask = 2147483647;
			files = (
				DC59D4152578A6ED0066BB15 /* main.swift in Sources */,
				DC59D41A2578A6FE0066BB15 /* data.swift in Sources */,
			);
			runOnlyForDeploymentPostprocessing = 0;
		};
		DC963A102579F7630047E2A3 /* Sources */ = {
			isa = PBXSourcesBuildPhase;
			buildActionMask = 2147483647;
			files = (
				DC963A172579F7630047E2A3 /* main.swift in Sources */,
				DC963A1C2579F7750047E2A3 /* Data.swift in Sources */,
			);
			runOnlyForDeploymentPostprocessing = 0;
		};
		DCD5218A25770E6A0015910A /* Sources */ = {
			isa = PBXSourcesBuildPhase;
			buildActionMask = 2147483647;
			files = (
				DCD5219225770E6A0015910A /* main.swift in Sources */,
			);
			runOnlyForDeploymentPostprocessing = 0;
		};
		DCD5219825770E7F0015910A /* Sources */ = {
			isa = PBXSourcesBuildPhase;
			buildActionMask = 2147483647;
			files = (
				DCD5219F25770E7F0015910A /* main.swift in Sources */,
				DCD521A425770F090015910A /* Data.swift in Sources */,
			);
			runOnlyForDeploymentPostprocessing = 0;
		};
		DCD521A5257755BF0015910A /* Sources */ = {
			isa = PBXSourcesBuildPhase;
			buildActionMask = 2147483647;
			files = (
				DCD521AC257755BF0015910A /* main.swift in Sources */,
				DCD521B1257755D60015910A /* data.swift in Sources */,
			);
			runOnlyForDeploymentPostprocessing = 0;
		};
		DCF9502E257AC55400A77DA6 /* Sources */ = {
			isa = PBXSourcesBuildPhase;
			buildActionMask = 2147483647;
			files = (
				DCF95035257AC55600A77DA6 /* main.swift in Sources */,
				DC2F648E257B4C87002C8211 /* data.swift in Sources */,
			);
			runOnlyForDeploymentPostprocessing = 0;
		};
/* End PBXSourcesBuildPhase section */

/* Begin XCBuildConfiguration section */
		DC4D203B257D47060015A802 /* Debug */ = {
			isa = XCBuildConfiguration;
			buildSettings = {
				CODE_SIGN_STYLE = Automatic;
				DEVELOPMENT_TEAM = 7N64L2D6EV;
				ENABLE_HARDENED_RUNTIME = YES;
				PRODUCT_NAME = "$(TARGET_NAME)";
				SWIFT_VERSION = 5.0;
			};
			name = Debug;
		};
		DC4D203C257D47060015A802 /* Release */ = {
			isa = XCBuildConfiguration;
			buildSettings = {
				CODE_SIGN_STYLE = Automatic;
				DEVELOPMENT_TEAM = 7N64L2D6EV;
				ENABLE_HARDENED_RUNTIME = YES;
				PRODUCT_NAME = "$(TARGET_NAME)";
				SWIFT_VERSION = 5.0;
			};
			name = Release;
		};
		DC59D4162578A6ED0066BB15 /* Debug */ = {
			isa = XCBuildConfiguration;
			buildSettings = {
				CODE_SIGN_STYLE = Automatic;
				DEVELOPMENT_TEAM = 7N64L2D6EV;
				ENABLE_HARDENED_RUNTIME = YES;
				PRODUCT_NAME = "$(TARGET_NAME)";
				SWIFT_VERSION = 5.0;
			};
			name = Debug;
		};
		DC59D4172578A6ED0066BB15 /* Release */ = {
			isa = XCBuildConfiguration;
			buildSettings = {
				CODE_SIGN_STYLE = Automatic;
				DEVELOPMENT_TEAM = 7N64L2D6EV;
				ENABLE_HARDENED_RUNTIME = YES;
				PRODUCT_NAME = "$(TARGET_NAME)";
				SWIFT_VERSION = 5.0;
			};
			name = Release;
		};
		DC963A182579F7630047E2A3 /* Debug */ = {
			isa = XCBuildConfiguration;
			buildSettings = {
				CODE_SIGN_STYLE = Automatic;
				DEVELOPMENT_TEAM = 7N64L2D6EV;
				ENABLE_HARDENED_RUNTIME = YES;
				PRODUCT_NAME = "$(TARGET_NAME)";
				SWIFT_VERSION = 5.0;
			};
			name = Debug;
		};
		DC963A192579F7630047E2A3 /* Release */ = {
			isa = XCBuildConfiguration;
			buildSettings = {
				CODE_SIGN_STYLE = Automatic;
				DEVELOPMENT_TEAM = 7N64L2D6EV;
				ENABLE_HARDENED_RUNTIME = YES;
				PRODUCT_NAME = "$(TARGET_NAME)";
				SWIFT_VERSION = 5.0;
			};
			name = Release;
		};
		DCD5219325770E6A0015910A /* Debug */ = {
			isa = XCBuildConfiguration;
			buildSettings = {
				ALWAYS_SEARCH_USER_PATHS = NO;
				CLANG_ANALYZER_NONNULL = YES;
				CLANG_ANALYZER_NUMBER_OBJECT_CONVERSION = YES_AGGRESSIVE;
				CLANG_CXX_LANGUAGE_STANDARD = "gnu++14";
				CLANG_CXX_LIBRARY = "libc++";
				CLANG_ENABLE_MODULES = YES;
				CLANG_ENABLE_OBJC_ARC = YES;
				CLANG_ENABLE_OBJC_WEAK = YES;
				CLANG_WARN_BLOCK_CAPTURE_AUTORELEASING = YES;
				CLANG_WARN_BOOL_CONVERSION = YES;
				CLANG_WARN_COMMA = YES;
				CLANG_WARN_CONSTANT_CONVERSION = YES;
				CLANG_WARN_DEPRECATED_OBJC_IMPLEMENTATIONS = YES;
				CLANG_WARN_DIRECT_OBJC_ISA_USAGE = YES_ERROR;
				CLANG_WARN_DOCUMENTATION_COMMENTS = YES;
				CLANG_WARN_EMPTY_BODY = YES;
				CLANG_WARN_ENUM_CONVERSION = YES;
				CLANG_WARN_INFINITE_RECURSION = YES;
				CLANG_WARN_INT_CONVERSION = YES;
				CLANG_WARN_NON_LITERAL_NULL_CONVERSION = YES;
				CLANG_WARN_OBJC_IMPLICIT_RETAIN_SELF = YES;
				CLANG_WARN_OBJC_LITERAL_CONVERSION = YES;
				CLANG_WARN_OBJC_ROOT_CLASS = YES_ERROR;
				CLANG_WARN_RANGE_LOOP_ANALYSIS = YES;
				CLANG_WARN_STRICT_PROTOTYPES = YES;
				CLANG_WARN_SUSPICIOUS_MOVE = YES;
				CLANG_WARN_UNGUARDED_AVAILABILITY = YES_AGGRESSIVE;
				CLANG_WARN_UNREACHABLE_CODE = YES;
				CLANG_WARN__DUPLICATE_METHOD_MATCH = YES;
				COPY_PHASE_STRIP = NO;
				DEBUG_INFORMATION_FORMAT = dwarf;
				ENABLE_STRICT_OBJC_MSGSEND = YES;
				ENABLE_TESTABILITY = YES;
				GCC_C_LANGUAGE_STANDARD = gnu11;
				GCC_DYNAMIC_NO_PIC = NO;
				GCC_NO_COMMON_BLOCKS = YES;
				GCC_OPTIMIZATION_LEVEL = 0;
				GCC_PREPROCESSOR_DEFINITIONS = (
					"DEBUG=1",
					"$(inherited)",
				);
				GCC_WARN_64_TO_32_BIT_CONVERSION = YES;
				GCC_WARN_ABOUT_RETURN_TYPE = YES_ERROR;
				GCC_WARN_UNDECLARED_SELECTOR = YES;
				GCC_WARN_UNINITIALIZED_AUTOS = YES_AGGRESSIVE;
				GCC_WARN_UNUSED_FUNCTION = YES;
				GCC_WARN_UNUSED_VARIABLE = YES;
				MACOSX_DEPLOYMENT_TARGET = 10.14;
				MTL_ENABLE_DEBUG_INFO = INCLUDE_SOURCE;
				MTL_FAST_MATH = YES;
				ONLY_ACTIVE_ARCH = YES;
				SDKROOT = macosx;
				SWIFT_ACTIVE_COMPILATION_CONDITIONS = DEBUG;
				SWIFT_OPTIMIZATION_LEVEL = "-Onone";
			};
			name = Debug;
		};
		DCD5219425770E6A0015910A /* Release */ = {
			isa = XCBuildConfiguration;
			buildSettings = {
				ALWAYS_SEARCH_USER_PATHS = NO;
				CLANG_ANALYZER_NONNULL = YES;
				CLANG_ANALYZER_NUMBER_OBJECT_CONVERSION = YES_AGGRESSIVE;
				CLANG_CXX_LANGUAGE_STANDARD = "gnu++14";
				CLANG_CXX_LIBRARY = "libc++";
				CLANG_ENABLE_MODULES = YES;
				CLANG_ENABLE_OBJC_ARC = YES;
				CLANG_ENABLE_OBJC_WEAK = YES;
				CLANG_WARN_BLOCK_CAPTURE_AUTORELEASING = YES;
				CLANG_WARN_BOOL_CONVERSION = YES;
				CLANG_WARN_COMMA = YES;
				CLANG_WARN_CONSTANT_CONVERSION = YES;
				CLANG_WARN_DEPRECATED_OBJC_IMPLEMENTATIONS = YES;
				CLANG_WARN_DIRECT_OBJC_ISA_USAGE = YES_ERROR;
				CLANG_WARN_DOCUMENTATION_COMMENTS = YES;
				CLANG_WARN_EMPTY_BODY = YES;
				CLANG_WARN_ENUM_CONVERSION = YES;
				CLANG_WARN_INFINITE_RECURSION = YES;
				CLANG_WARN_INT_CONVERSION = YES;
				CLANG_WARN_NON_LITERAL_NULL_CONVERSION = YES;
				CLANG_WARN_OBJC_IMPLICIT_RETAIN_SELF = YES;
				CLANG_WARN_OBJC_LITERAL_CONVERSION = YES;
				CLANG_WARN_OBJC_ROOT_CLASS = YES_ERROR;
				CLANG_WARN_RANGE_LOOP_ANALYSIS = YES;
				CLANG_WARN_STRICT_PROTOTYPES = YES;
				CLANG_WARN_SUSPICIOUS_MOVE = YES;
				CLANG_WARN_UNGUARDED_AVAILABILITY = YES_AGGRESSIVE;
				CLANG_WARN_UNREACHABLE_CODE = YES;
				CLANG_WARN__DUPLICATE_METHOD_MATCH = YES;
				COPY_PHASE_STRIP = NO;
				DEBUG_INFORMATION_FORMAT = "dwarf-with-dsym";
				ENABLE_NS_ASSERTIONS = NO;
				ENABLE_STRICT_OBJC_MSGSEND = YES;
				GCC_C_LANGUAGE_STANDARD = gnu11;
				GCC_NO_COMMON_BLOCKS = YES;
				GCC_WARN_64_TO_32_BIT_CONVERSION = YES;
				GCC_WARN_ABOUT_RETURN_TYPE = YES_ERROR;
				GCC_WARN_UNDECLARED_SELECTOR = YES;
				GCC_WARN_UNINITIALIZED_AUTOS = YES_AGGRESSIVE;
				GCC_WARN_UNUSED_FUNCTION = YES;
				GCC_WARN_UNUSED_VARIABLE = YES;
				MACOSX_DEPLOYMENT_TARGET = 10.14;
				MTL_ENABLE_DEBUG_INFO = NO;
				MTL_FAST_MATH = YES;
				SDKROOT = macosx;
				SWIFT_COMPILATION_MODE = wholemodule;
				SWIFT_OPTIMIZATION_LEVEL = "-O";
			};
			name = Release;
		};
		DCD5219625770E6A0015910A /* Debug */ = {
			isa = XCBuildConfiguration;
			buildSettings = {
				CODE_SIGN_STYLE = Automatic;
				DEVELOPMENT_TEAM = 7N64L2D6EV;
				ENABLE_HARDENED_RUNTIME = YES;
				PRODUCT_NAME = "$(TARGET_NAME)";
				SWIFT_VERSION = 5.0;
			};
			name = Debug;
		};
		DCD5219725770E6A0015910A /* Release */ = {
			isa = XCBuildConfiguration;
			buildSettings = {
				CODE_SIGN_STYLE = Automatic;
				DEVELOPMENT_TEAM = 7N64L2D6EV;
				ENABLE_HARDENED_RUNTIME = YES;
				PRODUCT_NAME = "$(TARGET_NAME)";
				SWIFT_VERSION = 5.0;
			};
			name = Release;
		};
		DCD521A125770E7F0015910A /* Debug */ = {
			isa = XCBuildConfiguration;
			buildSettings = {
				CODE_SIGN_STYLE = Automatic;
				DEVELOPMENT_TEAM = 7N64L2D6EV;
				ENABLE_HARDENED_RUNTIME = YES;
				PRODUCT_NAME = "$(TARGET_NAME)";
				SWIFT_VERSION = 5.0;
			};
			name = Debug;
		};
		DCD521A225770E7F0015910A /* Release */ = {
			isa = XCBuildConfiguration;
			buildSettings = {
				CODE_SIGN_STYLE = Automatic;
				DEVELOPMENT_TEAM = 7N64L2D6EV;
				ENABLE_HARDENED_RUNTIME = YES;
				PRODUCT_NAME = "$(TARGET_NAME)";
				SWIFT_VERSION = 5.0;
			};
			name = Release;
		};
		DCD521AE257755BF0015910A /* Debug */ = {
			isa = XCBuildConfiguration;
			buildSettings = {
				CODE_SIGN_STYLE = Automatic;
				DEVELOPMENT_TEAM = 7N64L2D6EV;
				ENABLE_HARDENED_RUNTIME = YES;
				PRODUCT_NAME = "$(TARGET_NAME)";
				SWIFT_VERSION = 5.0;
			};
			name = Debug;
		};
		DCD521AF257755BF0015910A /* Release */ = {
			isa = XCBuildConfiguration;
			buildSettings = {
				CODE_SIGN_STYLE = Automatic;
				DEVELOPMENT_TEAM = 7N64L2D6EV;
				ENABLE_HARDENED_RUNTIME = YES;
				PRODUCT_NAME = "$(TARGET_NAME)";
				SWIFT_VERSION = 5.0;
			};
			name = Release;
		};
		DCF95036257AC55600A77DA6 /* Debug */ = {
			isa = XCBuildConfiguration;
			buildSettings = {
				CODE_SIGN_STYLE = Automatic;
				DEVELOPMENT_TEAM = 7N64L2D6EV;
				ENABLE_HARDENED_RUNTIME = YES;
				PRODUCT_NAME = "$(TARGET_NAME)";
				SWIFT_VERSION = 5.0;
			};
			name = Debug;
		};
		DCF95037257AC55600A77DA6 /* Release */ = {
			isa = XCBuildConfiguration;
			buildSettings = {
				CODE_SIGN_STYLE = Automatic;
				DEVELOPMENT_TEAM = 7N64L2D6EV;
				ENABLE_HARDENED_RUNTIME = YES;
				PRODUCT_NAME = "$(TARGET_NAME)";
				SWIFT_VERSION = 5.0;
			};
			name = Release;
		};
/* End XCBuildConfiguration section */

/* Begin XCConfigurationList section */
		DC4D203D257D47060015A802 /* Build configuration list for PBXNativeTarget "06" */ = {
			isa = XCConfigurationList;
			buildConfigurations = (
				DC4D203B257D47060015A802 /* Debug */,
				DC4D203C257D47060015A802 /* Release */,
			);
			defaultConfigurationIsVisible = 0;
			defaultConfigurationName = Release;
		};
		DC59D4182578A6ED0066BB15 /* Build configuration list for PBXNativeTarget "03" */ = {
			isa = XCConfigurationList;
			buildConfigurations = (
				DC59D4162578A6ED0066BB15 /* Debug */,
				DC59D4172578A6ED0066BB15 /* Release */,
			);
			defaultConfigurationIsVisible = 0;
			defaultConfigurationName = Release;
		};
		DC963A1A2579F7630047E2A3 /* Build configuration list for PBXNativeTarget "04" */ = {
			isa = XCConfigurationList;
			buildConfigurations = (
				DC963A182579F7630047E2A3 /* Debug */,
				DC963A192579F7630047E2A3 /* Release */,
			);
			defaultConfigurationIsVisible = 0;
			defaultConfigurationName = Release;
		};
		DCD5218925770E6A0015910A /* Build configuration list for PBXProject "Advent2020" */ = {
			isa = XCConfigurationList;
			buildConfigurations = (
				DCD5219325770E6A0015910A /* Debug */,
				DCD5219425770E6A0015910A /* Release */,
			);
			defaultConfigurationIsVisible = 0;
			defaultConfigurationName = Release;
		};
		DCD5219525770E6A0015910A /* Build configuration list for PBXNativeTarget "Advent2020" */ = {
			isa = XCConfigurationList;
			buildConfigurations = (
				DCD5219625770E6A0015910A /* Debug */,
				DCD5219725770E6A0015910A /* Release */,
			);
			defaultConfigurationIsVisible = 0;
			defaultConfigurationName = Release;
		};
		DCD521A025770E7F0015910A /* Build configuration list for PBXNativeTarget "01" */ = {
			isa = XCConfigurationList;
			buildConfigurations = (
				DCD521A125770E7F0015910A /* Debug */,
				DCD521A225770E7F0015910A /* Release */,
			);
			defaultConfigurationIsVisible = 0;
			defaultConfigurationName = Release;
		};
		DCD521AD257755BF0015910A /* Build configuration list for PBXNativeTarget "02" */ = {
			isa = XCConfigurationList;
			buildConfigurations = (
				DCD521AE257755BF0015910A /* Debug */,
				DCD521AF257755BF0015910A /* Release */,
			);
			defaultConfigurationIsVisible = 0;
			defaultConfigurationName = Release;
		};
		DCF95038257AC55600A77DA6 /* Build configuration list for PBXNativeTarget "05" */ = {
			isa = XCConfigurationList;
			buildConfigurations = (
				DCF95036257AC55600A77DA6 /* Debug */,
				DCF95037257AC55600A77DA6 /* Release */,
			);
			defaultConfigurationIsVisible = 0;
			defaultConfigurationName = Release;
		};
/* End XCConfigurationList section */
	};
	rootObject = DCD5218625770E6A0015910A /* Project object */;
}
